
Microsoft Visual Studio Solution File, Format Version 12.00
# Visual Studio 2015
Project("{FAE04EC0-301F-11D3-BF4B-00C04F79EFBC}") = "FrameworkComm.CSharp.Plugins", "FrameworkComm.CSharp.Plugins.csproj", "{48B86FB0-93AF-726A-9EE6-156159D36044}"
EndProject
Project("{FAE04EC0-301F-11D3-BF4B-00C04F79EFBC}") = "FrameworkComm.CSharp", "FrameworkComm.CSharp.csproj", "{AA987A47-5A16-8053-76D0-760DC842DC0C}"
EndProject
Project("{FAE04EC0-301F-11D3-BF4B-00C04F79EFBC}") = "FrameworkComm.CSharp.Editor", "FrameworkComm.CSharp.Editor.csproj", "{B698ACDE-8938-D702-4F50-552AA02A73AD}"
EndProject
Global
	GlobalSection(SolutionConfigurationPlatforms) = preSolution
		Debug|Any CPU = Debug|Any CPU
		Release|Any CPU = Release|Any CPU
	EndGlobalSection
	GlobalSection(ProjectConfigurationPlatforms) = postSolution
		{48B86FB0-93AF-726A-9EE6-156159D36044}.Debug|Any CPU.ActiveCfg = Debug|Any CPU
		{48B86FB0-93AF-726A-9EE6-156159D36044}.Debug|Any CPU.Build.0 = Debug|Any CPU
		{48B86FB0-93AF-726A-9EE6-156159D36044}.Release|Any CPU.ActiveCfg = Release|Any CPU
		{48B86FB0-93AF-726A-9EE6-156159D36044}.Release|Any CPU.Build.0 = Release|Any CPU
		{AA987A47-5A16-8053-76D0-760DC842DC0C}.Debug|Any CPU.ActiveCfg = Debug|Any CPU
		{AA987A47-5A16-8053-76D0-760DC842DC0C}.Debug|Any CPU.Build.0 = Debug|Any CPU
		{AA987A47-5A16-8053-76D0-760DC842DC0C}.Release|Any CPU.ActiveCfg = Release|Any CPU
		{AA987A47-5A16-8053-76D0-760DC842DC0C}.Release|Any CPU.Build.0 = Release|Any CPU
		{B698ACDE-8938-D702-4F50-552AA02A73AD}.Debug|Any CPU.ActiveCfg = Debug|Any CPU
		{B698ACDE-8938-D702-4F50-552AA02A73AD}.Debug|Any CPU.Build.0 = Debug|Any CPU
		{B698ACDE-8938-D702-4F50-552AA02A73AD}.Release|Any CPU.ActiveCfg = Release|Any CPU
		{B698ACDE-8938-D702-4F50-552AA02A73AD}.Release|Any CPU.Build.0 = Release|Any CPU
	EndGlobalSection
	GlobalSection(SolutionProperties) = preSolution
		HideSolutionNode = FALSE
	EndGlobalSection
EndGlobal
