
Microsoft Visual Studio Solution File, Format Version 12.00
# Visual Studio 2015
Project("{FAE04EC0-301F-11D3-BF4B-00C04F79EFBC}") = "TiKiAnnualLottery.CSharp.Plugins", "TiKiAnnualLottery.CSharp.Plugins.csproj", "{3991AB90-5D61-CF0A-B0E8-D4CC9B6E06E9}"
EndProject
Project("{FAE04EC0-301F-11D3-BF4B-00C04F79EFBC}") = "TiKiAnnualLottery.CSharp", "TiKiAnnualLottery.CSharp.csproj", "{6F1E8B23-F4C0-C36C-EF09-BE3446C4F753}"
EndProject
Project("{FAE04EC0-301F-11D3-BF4B-00C04F79EFBC}") = "TiKiAnnualLottery.CSharp.Editor", "TiKiAnnualLottery.CSharp.Editor.csproj", "{A686EAA9-201E-3457-CC1B-0D1628AEF6F9}"
EndProject
Global
	GlobalSection(SolutionConfigurationPlatforms) = preSolution
		Debug|Any CPU = Debug|Any CPU
		Release|Any CPU = Release|Any CPU
	EndGlobalSection
	GlobalSection(ProjectConfigurationPlatforms) = postSolution
		{3991AB90-5D61-CF0A-B0E8-D4CC9B6E06E9}.Debug|Any CPU.ActiveCfg = Debug|Any CPU
		{3991AB90-5D61-CF0A-B0E8-D4CC9B6E06E9}.Debug|Any CPU.Build.0 = Debug|Any CPU
		{3991AB90-5D61-CF0A-B0E8-D4CC9B6E06E9}.Release|Any CPU.ActiveCfg = Release|Any CPU
		{3991AB90-5D61-CF0A-B0E8-D4CC9B6E06E9}.Release|Any CPU.Build.0 = Release|Any CPU
		{6F1E8B23-F4C0-C36C-EF09-BE3446C4F753}.Debug|Any CPU.ActiveCfg = Debug|Any CPU
		{6F1E8B23-F4C0-C36C-EF09-BE3446C4F753}.Debug|Any CPU.Build.0 = Debug|Any CPU
		{6F1E8B23-F4C0-C36C-EF09-BE3446C4F753}.Release|Any CPU.ActiveCfg = Release|Any CPU
		{6F1E8B23-F4C0-C36C-EF09-BE3446C4F753}.Release|Any CPU.Build.0 = Release|Any CPU
		{A686EAA9-201E-3457-CC1B-0D1628AEF6F9}.Debug|Any CPU.ActiveCfg = Debug|Any CPU
		{A686EAA9-201E-3457-CC1B-0D1628AEF6F9}.Debug|Any CPU.Build.0 = Debug|Any CPU
		{A686EAA9-201E-3457-CC1B-0D1628AEF6F9}.Release|Any CPU.ActiveCfg = Release|Any CPU
		{A686EAA9-201E-3457-CC1B-0D1628AEF6F9}.Release|Any CPU.Build.0 = Release|Any CPU
	EndGlobalSection
	GlobalSection(SolutionProperties) = preSolution
		HideSolutionNode = FALSE
	EndGlobalSection
EndGlobal
