
Microsoft Visual Studio Solution File, Format Version 12.00
# Visual Studio 2015
Project("{FAE04EC0-301F-11D3-BF4B-00C04F79EFBC}") = "FrameworkComm.Plugins", "FrameworkComm.Plugins.csproj", "{E85AE2C0-5FF2-AA00-BF56-2D19C2629DB4}"
EndProject
Project("{FAE04EC0-301F-11D3-BF4B-00C04F79EFBC}") = "FrameworkComm", "FrameworkComm.csproj", "{C7101384-A436-EC39-48FB-CFBF032BCBD4}"
EndProject
Project("{FAE04EC0-301F-11D3-BF4B-00C04F79EFBC}") = "FrameworkComm.Editor", "FrameworkComm.Editor.csproj", "{F4281F2A-F1B3-6886-0F78-4448C3EE788A}"
EndProject
Global
	GlobalSection(SolutionConfigurationPlatforms) = preSolution
		Debug|Any CPU = Debug|Any CPU
		Release|Any CPU = Release|Any CPU
	EndGlobalSection
	GlobalSection(ProjectConfigurationPlatforms) = postSolution
		{E85AE2C0-5FF2-AA00-BF56-2D19C2629DB4}.Debug|Any CPU.ActiveCfg = Debug|Any CPU
		{E85AE2C0-5FF2-AA00-BF56-2D19C2629DB4}.Debug|Any CPU.Build.0 = Debug|Any CPU
		{E85AE2C0-5FF2-AA00-BF56-2D19C2629DB4}.Release|Any CPU.ActiveCfg = Release|Any CPU
		{E85AE2C0-5FF2-AA00-BF56-2D19C2629DB4}.Release|Any CPU.Build.0 = Release|Any CPU
		{C7101384-A436-EC39-48FB-CFBF032BCBD4}.Debug|Any CPU.ActiveCfg = Debug|Any CPU
		{C7101384-A436-EC39-48FB-CFBF032BCBD4}.Debug|Any CPU.Build.0 = Debug|Any CPU
		{C7101384-A436-EC39-48FB-CFBF032BCBD4}.Release|Any CPU.ActiveCfg = Release|Any CPU
		{C7101384-A436-EC39-48FB-CFBF032BCBD4}.Release|Any CPU.Build.0 = Release|Any CPU
		{F4281F2A-F1B3-6886-0F78-4448C3EE788A}.Debug|Any CPU.ActiveCfg = Debug|Any CPU
		{F4281F2A-F1B3-6886-0F78-4448C3EE788A}.Debug|Any CPU.Build.0 = Debug|Any CPU
		{F4281F2A-F1B3-6886-0F78-4448C3EE788A}.Release|Any CPU.ActiveCfg = Release|Any CPU
		{F4281F2A-F1B3-6886-0F78-4448C3EE788A}.Release|Any CPU.Build.0 = Release|Any CPU
	EndGlobalSection
	GlobalSection(SolutionProperties) = preSolution
		HideSolutionNode = FALSE
	EndGlobalSection
EndGlobal
